// !$*UTF8*$!
{
	archiveVersion = 1;
	classes = {
	};
	objectVersion = 46;
	objects = {

/* Begin PBXBuildFile section */
		8DD7C8D91B4DD7F6006764EF /* main.m in Sources */ = {isa = PBXBuildFile; fileRef = 8DD7C8D81B4DD7F6006764EF /* main.m */; };
		8DD7C8DC1B4DD7F6006764EF /* AppDelegate.m in Sources */ = {isa = PBXBuildFile; fileRef = 8DD7C8DB1B4DD7F6006764EF /* AppDelegate.m */; };
		8DD7C8DF1B4DD7F6006764EF /* ViewController.m in Sources */ = {isa = PBXBuildFile; fileRef = 8DD7C8DE1B4DD7F6006764EF /* ViewController.m */; };
		8DD7C8E21B4DD7F6006764EF /* Main.storyboard in Resources */ = {isa = PBXBuildFile; fileRef = 8DD7C8E01B4DD7F6006764EF /* Main.storyboard */; };
		8DD7C8E41B4DD7F6006764EF /* Images.xcassets in Resources */ = {isa = PBXBuildFile; fileRef = 8DD7C8E31B4DD7F6006764EF /* Images.xcassets */; };
		8DD7C8E71B4DD7F6006764EF /* LaunchScreen.xib in Resources */ = {isa = PBXBuildFile; fileRef = 8DD7C8E51B4DD7F6006764EF /* LaunchScreen.xib */; };
		8DD7C8F31B4DD7F6006764EF /* ExampleTests.m in Sources */ = {isa = PBXBuildFile; fileRef = 8DD7C8F21B4DD7F6006764EF /* ExampleTests.m */; };
		8DD7C8FF1B4DD88A006764EF /* MPCoachMarks.m in Sources */ = {isa = PBXBuildFile; fileRef = 8DD7C8FE1B4DD88A006764EF /* MPCoachMarks.m */; };
/* End PBXBuildFile section */

/* Begin PBXContainerItemProxy section */
		8DD7C8ED1B4DD7F6006764EF /* PBXContainerItemProxy */ = {
			isa = PBXContainerItemProxy;
			containerPortal = 8DD7C8CB1B4DD7F6006764EF /* Project object */;
			proxyType = 1;
			remoteGlobalIDString = 8DD7C8D21B4DD7F6006764EF;
			remoteInfo = Example;
		};
/* End PBXContainerItemProxy section */

/* Begin PBXFileReference section */
		8DD7C8D31B4DD7F6006764EF /* Example.app */ = {isa = PBXFileReference; explicitFileType = wrapper.application; includeInIndex = 0; path = Example.app; sourceTree = BUILT_PRODUCTS_DIR; };
		8DD7C8D71B4DD7F6006764EF /* Info.plist */ = {isa = PBXFileReference; lastKnownFileType = text.plist.xml; path = Info.plist; sourceTree = "<group>"; };
		8DD7C8D81B4DD7F6006764EF /* main.m */ = {isa = PBXFileReference; lastKnownFileType = sourcecode.c.objc; path = main.m; sourceTree = "<group>"; };
		8DD7C8DA1B4DD7F6006764EF /* AppDelegate.h */ = {isa = PBXFileReference; lastKnownFileType = sourcecode.c.h; path = AppDelegate.h; sourceTree = "<group>"; };
		8DD7C8DB1B4DD7F6006764EF /* AppDelegate.m */ = {isa = PBXFileReference; lastKnownFileType = sourcecode.c.objc; path = AppDelegate.m; sourceTree = "<group>"; };
		8DD7C8DD1B4DD7F6006764EF /* ViewController.h */ = {isa = PBXFileReference; lastKnownFileType = sourcecode.c.h; path = ViewController.h; sourceTree = "<group>"; };
		8DD7C8DE1B4DD7F6006764EF /* ViewController.m */ = {isa = PBXFileReference; lastKnownFileType = sourcecode.c.objc; path = ViewController.m; sourceTree = "<group>"; };
		8DD7C8E11B4DD7F6006764EF /* Base */ = {isa = PBXFileReference; lastKnownFileType = file.storyboard; name = Base; path = Base.lproj/Main.storyboard; sourceTree = "<group>"; };
		8DD7C8E31B4DD7F6006764EF /* Images.xcassets */ = {isa = PBXFileReference; lastKnownFileType = folder.assetcatalog; path = Images.xcassets; sourceTree = "<group>"; };
		8DD7C8E61B4DD7F6006764EF /* Base */ = {isa = PBXFileReference; lastKnownFileType = file.xib; name = Base; path = Base.lproj/LaunchScreen.xib; sourceTree = "<group>"; };
		8DD7C8EC1B4DD7F6006764EF /* ExampleTests.xctest */ = {isa = PBXFileReference; explicitFileType = wrapper.cfbundle; includeInIndex = 0; path = ExampleTests.xctest; sourceTree = BUILT_PRODUCTS_DIR; };
		8DD7C8F11B4DD7F6006764EF /* Info.plist */ = {isa = PBXFileReference; lastKnownFileType = text.plist.xml; path = Info.plist; sourceTree = "<group>"; };
		8DD7C8F21B4DD7F6006764EF /* ExampleTests.m */ = {isa = PBXFileReference; lastKnownFileType = sourcecode.c.objc; path = ExampleTests.m; sourceTree = "<group>"; };
		8DD7C8FD1B4DD88A006764EF /* MPCoachMarks.h */ = {isa = PBXFileReference; fileEncoding = 4; lastKnownFileType = sourcecode.c.h; name = MPCoachMarks.h; path = MPCoachMarks/MPCoachMarks.h; sourceTree = "<group>"; };
		8DD7C8FE1B4DD88A006764EF /* MPCoachMarks.m */ = {isa = PBXFileReference; fileEncoding = 4; lastKnownFileType = sourcecode.c.objc; name = MPCoachMarks.m; path = MPCoachMarks/MPCoachMarks.m; sourceTree = "<group>"; };
/* End PBXFileReference section */

/* Begin PBXFrameworksBuildPhase section */
		8DD7C8D01B4DD7F6006764EF /* Frameworks */ = {
			isa = PBXFrameworksBuildPhase;
			buildActionMask = 2147483647;
			files = (
			);
			runOnlyForDeploymentPostprocessing = 0;
		};
		8DD7C8E91B4DD7F6006764EF /* Frameworks */ = {
			isa = PBXFrameworksBuildPhase;
			buildActionMask = 2147483647;
			files = (
			);
			runOnlyForDeploymentPostprocessing = 0;
		};
/* End PBXFrameworksBuildPhase section */

/* Begin PBXGroup section */
		8DD7C8CA1B4DD7F6006764EF = {
			isa = PBXGroup;
			children = (
				8DD7C8D51B4DD7F6006764EF /* Example */,
				8DD7C8EF1B4DD7F6006764EF /* ExampleTests */,
				8DD7C8D41B4DD7F6006764EF /* Products */,
			);
			sourceTree = "<group>";
		};
		8DD7C8D41B4DD7F6006764EF /* Products */ = {
			isa = PBXGroup;
			children = (
				8DD7C8D31B4DD7F6006764EF /* Example.app */,
				8DD7C8EC1B4DD7F6006764EF /* ExampleTests.xctest */,
			);
			name = Products;
			sourceTree = "<group>";
		};
		8DD7C8D51B4DD7F6006764EF /* Example */ = {
			isa = PBXGroup;
			children = (
				8DD7C8FC1B4DD802006764EF /* MPCoachMarks */,
				8DD7C8DD1B4DD7F6006764EF /* ViewController.h */,
				8DD7C8DE1B4DD7F6006764EF /* ViewController.m */,
				8DD7C8E01B4DD7F6006764EF /* Main.storyboard */,
				8DD7C8E51B4DD7F6006764EF /* LaunchScreen.xib */,
				8DD7C8E31B4DD7F6006764EF /* Images.xcassets */,
				8DD7C8D61B4DD7F6006764EF /* Supporting Files */,
			);
			path = Example;
			sourceTree = "<group>";
		};
		8DD7C8D61B4DD7F6006764EF /* Supporting Files */ = {
			isa = PBXGroup;
			children = (
				8DD7C8DA1B4DD7F6006764EF /* AppDelegate.h */,
				8DD7C8DB1B4DD7F6006764EF /* AppDelegate.m */,
				8DD7C8D71B4DD7F6006764EF /* Info.plist */,
				8DD7C8D81B4DD7F6006764EF /* main.m */,
			);
			name = "Supporting Files";
			sourceTree = "<group>";
		};
		8DD7C8EF1B4DD7F6006764EF /* ExampleTests */ = {
			isa = PBXGroup;
			children = (
				8DD7C8F21B4DD7F6006764EF /* ExampleTests.m */,
				8DD7C8F01B4DD7F6006764EF /* Supporting Files */,
			);
			path = ExampleTests;
			sourceTree = "<group>";
		};
		8DD7C8F01B4DD7F6006764EF /* Supporting Files */ = {
			isa = PBXGroup;
			children = (
				8DD7C8F11B4DD7F6006764EF /* Info.plist */,
			);
			name = "Supporting Files";
			sourceTree = "<group>";
		};
		8DD7C8FC1B4DD802006764EF /* MPCoachMarks */ = {
			isa = PBXGroup;
			children = (
				8DD7C8FD1B4DD88A006764EF /* MPCoachMarks.h */,
				8DD7C8FE1B4DD88A006764EF /* MPCoachMarks.m */,
			);
			name = MPCoachMarks;
			sourceTree = "<group>";
		};
/* End PBXGroup section */

/* Begin PBXNativeTarget section */
		8DD7C8D21B4DD7F6006764EF /* Example */ = {
			isa = PBXNativeTarget;
			buildConfigurationList = 8DD7C8F61B4DD7F6006764EF /* Build configuration list for PBXNativeTarget "Example" */;
			buildPhases = (
				8DD7C8CF1B4DD7F6006764EF /* Sources */,
				8DD7C8D01B4DD7F6006764EF /* Frameworks */,
				8DD7C8D11B4DD7F6006764EF /* Resources */,
			);
			buildRules = (
			);
			dependencies = (
			);
			name = Example;
			productName = Example;
			productReference = 8DD7C8D31B4DD7F6006764EF /* Example.app */;
			productType = "com.apple.product-type.application";
		};
		8DD7C8EB1B4DD7F6006764EF /* ExampleTests */ = {
			isa = PBXNativeTarget;
			buildConfigurationList = 8DD7C8F91B4DD7F6006764EF /* Build configuration list for PBXNativeTarget "ExampleTests" */;
			buildPhases = (
				8DD7C8E81B4DD7F6006764EF /* Sources */,
				8DD7C8E91B4DD7F6006764EF /* Frameworks */,
				8DD7C8EA1B4DD7F6006764EF /* Resources */,
			);
			buildRules = (
			);
			dependencies = (
				8DD7C8EE1B4DD7F6006764EF /* PBXTargetDependency */,
			);
			name = ExampleTests;
			productName = ExampleTests;
			productReference = 8DD7C8EC1B4DD7F6006764EF /* ExampleTests.xctest */;
			productType = "com.apple.product-type.bundle.unit-test";
		};
/* End PBXNativeTarget section */

/* Begin PBXProject section */
		8DD7C8CB1B4DD7F6006764EF /* Project object */ = {
			isa = PBXProject;
			attributes = {
				LastUpgradeCheck = 0640;
				ORGANIZATIONNAME = MAWAPE;
				TargetAttributes = {
					8DD7C8D21B4DD7F6006764EF = {
						CreatedOnToolsVersion = 6.4;
					};
					8DD7C8EB1B4DD7F6006764EF = {
						CreatedOnToolsVersion = 6.4;
						TestTargetID = 8DD7C8D21B4DD7F6006764EF;
					};
				};
			};
			buildConfigurationList = 8DD7C8CE1B4DD7F6006764EF /* Build configuration list for PBXProject "Example" */;
			compatibilityVersion = "Xcode 3.2";
			developmentRegion = English;
			hasScannedForEncodings = 0;
			knownRegions = (
				en,
				Base,
			);
			mainGroup = 8DD7C8CA1B4DD7F6006764EF;
			productRefGroup = 8DD7C8D41B4DD7F6006764EF /* Products */;
			projectDirPath = "";
			projectRoot = "";
			targets = (
				8DD7C8D21B4DD7F6006764EF /* Example */,
				8DD7C8EB1B4DD7F6006764EF /* ExampleTests */,
			);
		};
/* End PBXProject section */

/* Begin PBXResourcesBuildPhase section */
		8DD7C8D11B4DD7F6006764EF /* Resources */ = {
			isa = PBXResourcesBuildPhase;
			buildActionMask = 2147483647;
			files = (
				8DD7C8E21B4DD7F6006764EF /* Main.storyboard in Resources */,
				8DD7C8E71B4DD7F6006764EF /* LaunchScreen.xib in Resources */,
				8DD7C8E41B4DD7F6006764EF /* Images.xcassets in Resources */,
			);
			runOnlyForDeploymentPostprocessing = 0;
		};
		8DD7C8EA1B4DD7F6006764EF /* Resources */ = {
			isa = PBXResourcesBuildPhase;
			buildActionMask = 2147483647;
			files = (
			);
			runOnlyForDeploymentPostprocessing = 0;
		};
/* End PBXResourcesBuildPhase section */

/* Begin PBXSourcesBuildPhase section */
		8DD7C8CF1B4DD7F6006764EF /* Sources */ = {
			isa = PBXSourcesBuildPhase;
			buildActionMask = 2147483647;
			files = (
				8DD7C8DF1B4DD7F6006764EF /* ViewController.m in Sources */,
				8DD7C8DC1B4DD7F6006764EF /* AppDelegate.m in Sources */,
				8DD7C8FF1B4DD88A006764EF /* MPCoachMarks.m in Sources */,
				8DD7C8D91B4DD7F6006764EF /* main.m in Sources */,
			);
			runOnlyForDeploymentPostprocessing = 0;
		};
		8DD7C8E81B4DD7F6006764EF /* Sources */ = {
			isa = PBXSourcesBuildPhase;
			buildActionMask = 2147483647;
			files = (
				8DD7C8F31B4DD7F6006764EF /* ExampleTests.m in Sources */,
			);
			runOnlyForDeploymentPostprocessing = 0;
		};
/* End PBXSourcesBuildPhase section */

/* Begin PBXTargetDependency section */
		8DD7C8EE1B4DD7F6006764EF /* PBXTargetDependency */ = {
			isa = PBXTargetDependency;
			target = 8DD7C8D21B4DD7F6006764EF /* Example */;
			targetProxy = 8DD7C8ED1B4DD7F6006764EF /* PBXContainerItemProxy */;
		};
/* End PBXTargetDependency section */

/* Begin PBXVariantGroup section */
		8DD7C8E01B4DD7F6006764EF /* Main.storyboard */ = {
			isa = PBXVariantGroup;
			children = (
				8DD7C8E11B4DD7F6006764EF /* Base */,
			);
			name = Main.storyboard;
			sourceTree = "<group>";
		};
		8DD7C8E51B4DD7F6006764EF /* LaunchScreen.xib */ = {
			isa = PBXVariantGroup;
			children = (
				8DD7C8E61B4DD7F6006764EF /* Base */,
			);
			name = LaunchScreen.xib;
			sourceTree = "<group>";
		};
/* End PBXVariantGroup section */

/* Begin XCBuildConfiguration section */
		8DD7C8F41B4DD7F6006764EF /* Debug */ = {
			isa = XCBuildConfiguration;
			buildSettings = {
				ALWAYS_SEARCH_USER_PATHS = NO;
				CLANG_CXX_LANGUAGE_STANDARD = "gnu++0x";
				CLANG_CXX_LIBRARY = "libc++";
				CLANG_ENABLE_MODULES = YES;
				CLANG_ENABLE_OBJC_ARC = YES;
				CLANG_WARN_BOOL_CONVERSION = YES;
				CLANG_WARN_CONSTANT_CONVERSION = YES;
				CLANG_WARN_DIRECT_OBJC_ISA_USAGE = YES_ERROR;
				CLANG_WARN_EMPTY_BODY = YES;
				CLANG_WARN_ENUM_CONVERSION = YES;
				CLANG_WARN_INT_CONVERSION = YES;
				CLANG_WARN_OBJC_ROOT_CLASS = YES_ERROR;
				CLANG_WARN_UNREACHABLE_CODE = YES;
				CLANG_WARN__DUPLICATE_METHOD_MATCH = YES;
				"CODE_SIGN_IDENTITY[sdk=iphoneos*]" = "iPhone Developer";
				COPY_PHASE_STRIP = NO;
				DEBUG_INFORMATION_FORMAT = "dwarf-with-dsym";
				ENABLE_STRICT_OBJC_MSGSEND = YES;
				GCC_C_LANGUAGE_STANDARD = gnu99;
				GCC_DYNAMIC_NO_PIC = NO;
				GCC_NO_COMMON_BLOCKS = YES;
				GCC_OPTIMIZATION_LEVEL = 0;
				GCC_PREPROCESSOR_DEFINITIONS = (
					"DEBUG=1",
					"$(inherited)",
				);
				GCC_SYMBOLS_PRIVATE_EXTERN = NO;
				GCC_WARN_64_TO_32_BIT_CONVERSION = YES;
				GCC_WARN_ABOUT_RETURN_TYPE = YES_ERROR;
				GCC_WARN_UNDECLARED_SELECTOR = YES;
				GCC_WARN_UNINITIALIZED_AUTOS = YES_AGGRESSIVE;
				GCC_WARN_UNUSED_FUNCTION = YES;
				GCC_WARN_UNUSED_VARIABLE = YES;
				IPHONEOS_DEPLOYMENT_TARGET = 8.4;
				MTL_ENABLE_DEBUG_INFO = YES;
				ONLY_ACTIVE_ARCH = YES;
				SDKROOT = iphoneos;
			};
			name = Debug;
		};
		8DD7C8F51B4DD7F6006764EF /* Release */ = {
			isa = XCBuildConfiguration;
			buildSettings = {
				ALWAYS_SEARCH_USER_PATHS = NO;
				CLANG_CXX_LANGUAGE_STANDARD = "gnu++0x";
				CLANG_CXX_LIBRARY = "libc++";
				CLANG_ENABLE_MODULES = YES;
				CLANG_ENABLE_OBJC_ARC = YES;
				CLANG_WARN_BOOL_CONVERSION = YES;
				CLANG_WARN_CONSTANT_CONVERSION = YES;
				CLANG_WARN_DIRECT_OBJC_ISA_USAGE = YES_ERROR;
				CLANG_WARN_EMPTY_BODY = YES;
				CLANG_WARN_ENUM_CONVERSION = YES;
				CLANG_WARN_INT_CONVERSION = YES;
				CLANG_WARN_OBJC_ROOT_CLASS = YES_ERROR;
				CLANG_WARN_UNREACHABLE_CODE = YES;
				CLANG_WARN__DUPLICATE_METHOD_MATCH = YES;
				"CODE_SIGN_IDENTITY[sdk=iphoneos*]" = "iPhone Developer";
				COPY_PHASE_STRIP = NO;
				DEBUG_INFORMATION_FORMAT = "dwarf-with-dsym";
				ENABLE_NS_ASSERTIONS = NO;
				ENABLE_STRICT_OBJC_MSGSEND = YES;
				GCC_C_LANGUAGE_STANDARD = gnu99;
				GCC_NO_COMMON_BLOCKS = YES;
				GCC_WARN_64_TO_32_BIT_CONVERSION = YES;
				GCC_WARN_ABOUT_RETURN_TYPE = YES_ERROR;
				GCC_WARN_UNDECLARED_SELECTOR = YES;
				GCC_WARN_UNINITIALIZED_AUTOS = YES_AGGRESSIVE;
				GCC_WARN_UNUSED_FUNCTION = YES;
				GCC_WARN_UNUSED_VARIABLE = YES;
				IPHONEOS_DEPLOYMENT_TARGET = 8.4;
				MTL_ENABLE_DEBUG_INFO = NO;
				SDKROOT = iphoneos;
				VALIDATE_PRODUCT = YES;
			};
			name = Release;
		};
		8DD7C8F71B4DD7F6006764EF /* Debug */ = {
			isa = XCBuildConfiguration;
			buildSettings = {
				ASSETCATALOG_COMPILER_APPICON_NAME = AppIcon;
				INFOPLIST_FILE = Example/Info.plist;
				LD_RUNPATH_SEARCH_PATHS = "$(inherited) @executable_path/Frameworks";
				PRODUCT_NAME = "$(TARGET_NAME)";
			};
			name = Debug;
		};
		8DD7C8F81B4DD7F6006764EF /* Release */ = {
			isa = XCBuildConfiguration;
			buildSettings = {
				ASSETCATALOG_COMPILER_APPICON_NAME = AppIcon;
				INFOPLIST_FILE = Example/Info.plist;
				LD_RUNPATH_SEARCH_PATHS = "$(inherited) @executable_path/Frameworks";
				PRODUCT_NAME = "$(TARGET_NAME)";
			};
			name = Release;
		};
		8DD7C8FA1B4DD7F6006764EF /* Debug */ = {
			isa = XCBuildConfiguration;
			buildSettings = {
				BUNDLE_LOADER = "$(TEST_HOST)";
				FRAMEWORK_SEARCH_PATHS = (
					"$(SDKROOT)/Developer/Library/Frameworks",
					"$(inherited)",
				);
				GCC_PREPROCESSOR_DEFINITIONS = (
					"DEBUG=1",
					"$(inherited)",
				);
				INFOPLIST_FILE = ExampleTests/Info.plist;
				LD_RUNPATH_SEARCH_PATHS = "$(inherited) @executable_path/Frameworks @loader_path/Frameworks";
				PRODUCT_NAME = "$(TARGET_NAME)";
				TEST_HOST = "$(BUILT_PRODUCTS_DIR)/Example.app/Example";
			};
			name = Debug;
		};
		8DD7C8FB1B4DD7F6006764EF /* Release */ = {
			isa = XCBuildConfiguration;
			buildSettings = {
				BUNDLE_LOADER = "$(TEST_HOST)";
				FRAMEWORK_SEARCH_PATHS = (
					"$(SDKROOT)/Developer/Library/Frameworks",
					"$(inherited)",
				);
				INFOPLIST_FILE = ExampleTests/Info.plist;
				LD_RUNPATH_SEARCH_PATHS = "$(inherited) @executable_path/Frameworks @loader_path/Frameworks";
				PRODUCT_NAME = "$(TARGET_NAME)";
				TEST_HOST = "$(BUILT_PRODUCTS_DIR)/Example.app/Example";
			};
			name = Release;
		};
/* End XCBuildConfiguration section */

/* Begin XCConfigurationList section */
		8DD7C8CE1B4DD7F6006764EF /* Build configuration list for PBXProject "Example" */ = {
			isa = XCConfigurationList;
			buildConfigurations = (
				8DD7C8F41B4DD7F6006764EF /* Debug */,
				8DD7C8F51B4DD7F6006764EF /* Release */,
			);
			defaultConfigurationIsVisible = 0;
			defaultConfigurationName = Release;
		};
		8DD7C8F61B4DD7F6006764EF /* Build configuration list for PBXNativeTarget "Example" */ = {
			isa = XCConfigurationList;
			buildConfigurations = (
				8DD7C8F71B4DD7F6006764EF /* Debug */,
				8DD7C8F81B4DD7F6006764EF /* Release */,
			);
			defaultConfigurationIsVisible = 0;
		};
		8DD7C8F91B4DD7F6006764EF /* Build configuration list for PBXNativeTarget "ExampleTests" */ = {
			isa = XCConfigurationList;
			buildConfigurations = (
				8DD7C8FA1B4DD7F6006764EF /* Debug */,
				8DD7C8FB1B4DD7F6006764EF /* Release */,
			);
			defaultConfigurationIsVisible = 0;
		};
/* End XCConfigurationList section */
	};
	rootObject = 8DD7C8CB1B4DD7F6006764EF /* Project object */;
}
